PODS:
  - Amplitude (8.5.0)
  - Analytics (4.1.6)
  - AppsFlyerFramework (6.8.1):
    - AppsFlyerFramework/Main (= 6.8.1)
  - AppsFlyerFramework/Main (6.8.1)
  - Flutter (1.0.0)
  - flutter_segment (0.0.1):
    - Analytics (= 4.1.6)
    - Flutter
    - Segment-Amplitude (= 3.3.2)
    - segment-appsflyer-ios (= 6.8.1)
  - Segment-Amplitude (3.3.2):
    - Amplitude (~> 8.3)
    - Analytics
  - segment-appsflyer-ios (6.8.1):
    - Analytics
    - segment-appsflyer-ios/Main (= 6.8.1)
  - segment-appsflyer-ios/Main (6.8.1):
    - Analytics
    - AppsFlyerFramework (~> 6.8.1)

DEPENDENCIES:
  - Flutter (from `Flutter`)
  - flutter_segment (from `.symlinks/plugins/flutter_segment/ios`)

SPEC REPOS:
  trunk:
    - Amplitude
    - Analytics
    - AppsFlyerFramework
    - Segment-Amplitude
    - segment-appsflyer-ios

EXTERNAL SOURCES:
  Flutter:
    :path: Flutter
  flutter_segment:
    :path: ".symlinks/plugins/flutter_segment/ios"

SPEC CHECKSUMS:
  Amplitude: ef9ed339ddd33c9183edf63fa4bbaa86cf873321
  Analytics: eefe524436f904b8bb3f8c8c3425280e43b34efc
  AppsFlyerFramework: a664325124485223296354b4eec335f5340a6df8
  Flutter: 50d75fe2f02b26cc09d224853bb45737f8b3214a
  flutter_segment: abcde2ecda640138cb32979e54caeced29e731e0
  Segment-Amplitude: 6c1e59c8c278a21029ba7a6a788fcb31b9233a2c
  segment-appsflyer-ios: 2cbab76526151c1f7e3aec5e0c0adedca81aa1fa

PODFILE CHECKSUM: c5a3a731b49f8e74894a9db5e2e52860ff4a4538

COCOAPODS: 1.11.3
